
Microsoft Visual Studio Solution File, Format Version 12.00
# Visual Studio Version 17
VisualStudioVersion = 17.0.31903.59
MinimumVisualStudioVersion = 10.0.40219.1
Project("{FAE04EC0-301F-11D3-BF4B-00C04F79EFBC}") = "HelloWorld", "HelloWorld.csproj", "{AC9FEF2D-B188-4392-872A-81CEC5FE3981}"
EndProject
Global
	GlobalSection(SolutionConfigurationPlatforms) = preSolution
		Debug|Any CPU = Debug|Any CPU
		Release|Any CPU = Release|Any CPU
	EndGlobalSection
	GlobalSection(ProjectConfigurationPlatforms) = postSolution
		{AC9FEF2D-B188-4392-872A-81CEC5FE3981}.Debug|Any CPU.ActiveCfg = Debug|Any CPU
		{AC9FEF2D-B188-4392-872A-81CEC5FE3981}.Debug|Any CPU.Build.0 = Debug|Any CPU
		{AC9FEF2D-B188-4392-872A-81CEC5FE3981}.Release|Any CPU.ActiveCfg = Release|Any CPU
		{AC9FEF2D-B188-4392-872A-81CEC5FE3981}.Release|Any CPU.Build.0 = Release|Any CPU
	EndGlobalSection
	GlobalSection(SolutionProperties) = preSolution
		HideSolutionNode = FALSE
	EndGlobalSection
	GlobalSection(ExtensibilityGlobals) = postSolution
		SolutionGuid = {D3878BEA-033E-4260-9CA9-89CE36B5E457}
	EndGlobalSection
EndGlobal
